
Microsoft Visual Studio Solution File, Format Version 12.00
# Visual Studio Version 17
VisualStudioVersion = 17.0.32014.148
MinimumVisualStudioVersion = 10.0.40219.1
Project("{FAE04EC0-301F-11D3-BF4B-00C04F79EFBC}") = "AllinOne.Web", "AllinOne.Web\AllinOne.Web.csproj", "{0637237A-5968-4684-91EB-D35CD88F01C5}"
	ProjectSection(ProjectDependencies) = postProject
		{A1569C56-6911-4A31-ABBA-E2F8146E48F5} = {A1569C56-6911-4A31-ABBA-E2F8146E48F5}
		{145BEB9B-BEC4-4D53-82BA-CDEE784CB6C5} = {145BEB9B-BEC4-4D53-82BA-CDEE784CB6C5}
	EndProjectSection
EndProject
Project("{FAE04EC0-301F-11D3-BF4B-00C04F79EFBC}") = "AllinOne.Entity", "AllinOne.Entity\AllinOne.Entity.csproj", "{A1569C56-6911-4A31-ABBA-E2F8146E48F5}"
EndProject
Project("{FAE04EC0-301F-11D3-BF4B-00C04F79EFBC}") = "AllinOne.Business", "AllinOne.Business\AllinOne.Business.csproj", "{145BEB9B-BEC4-4D53-82BA-CDEE784CB6C5}"
	ProjectSection(ProjectDependencies) = postProject
		{A1569C56-6911-4A31-ABBA-E2F8146E48F5} = {A1569C56-6911-4A31-ABBA-E2F8146E48F5}
		{9F4C8785-E2BE-4025-B21D-D2F93B323113} = {9F4C8785-E2BE-4025-B21D-D2F93B323113}
	EndProjectSection
EndProject
Project("{FAE04EC0-301F-11D3-BF4B-00C04F79EFBC}") = "AllinOne.Repository", "AllinOne.Repository\AllinOne.Repository.csproj", "{9F4C8785-E2BE-4025-B21D-D2F93B323113}"
	ProjectSection(ProjectDependencies) = postProject
		{A1569C56-6911-4A31-ABBA-E2F8146E48F5} = {A1569C56-6911-4A31-ABBA-E2F8146E48F5}
	EndProjectSection
EndProject
Project("{FAE04EC0-301F-11D3-BF4B-00C04F79EFBC}") = "AllinOne.WebSpider", "AllinOne.WebSpider\AllinOne.WebSpider.csproj", "{05B1DF8E-0193-42B2-B21A-3F5B586DA5C0}"
EndProject
Project("{FAE04EC0-301F-11D3-BF4B-00C04F79EFBC}") = "AllinOne.Echarts", "AllinOne.Echarts\AllinOne.Echarts.csproj", "{AD76AC6A-9765-4056-9AB0-0DF78E570D8A}"
EndProject
Project("{FAE04EC0-301F-11D3-BF4B-00C04F79EFBC}") = "AllinOne.Algorithm", "AllinOne.Algorithm\AllinOne.Algorithm.csproj", "{1E11B90D-A939-4D84-B299-7B1B81A68199}"
EndProject
Global
	GlobalSection(SolutionConfigurationPlatforms) = preSolution
		Debug|Any CPU = Debug|Any CPU
		Release|Any CPU = Release|Any CPU
	EndGlobalSection
	GlobalSection(ProjectConfigurationPlatforms) = postSolution
		{0637237A-5968-4684-91EB-D35CD88F01C5}.Debug|Any CPU.ActiveCfg = Debug|Any CPU
		{0637237A-5968-4684-91EB-D35CD88F01C5}.Debug|Any CPU.Build.0 = Debug|Any CPU
		{0637237A-5968-4684-91EB-D35CD88F01C5}.Release|Any CPU.ActiveCfg = Release|Any CPU
		{0637237A-5968-4684-91EB-D35CD88F01C5}.Release|Any CPU.Build.0 = Release|Any CPU
		{A1569C56-6911-4A31-ABBA-E2F8146E48F5}.Debug|Any CPU.ActiveCfg = Debug|Any CPU
		{A1569C56-6911-4A31-ABBA-E2F8146E48F5}.Debug|Any CPU.Build.0 = Debug|Any CPU
		{A1569C56-6911-4A31-ABBA-E2F8146E48F5}.Release|Any CPU.ActiveCfg = Release|Any CPU
		{A1569C56-6911-4A31-ABBA-E2F8146E48F5}.Release|Any CPU.Build.0 = Release|Any CPU
		{145BEB9B-BEC4-4D53-82BA-CDEE784CB6C5}.Debug|Any CPU.ActiveCfg = Debug|Any CPU
		{145BEB9B-BEC4-4D53-82BA-CDEE784CB6C5}.Debug|Any CPU.Build.0 = Debug|Any CPU
		{145BEB9B-BEC4-4D53-82BA-CDEE784CB6C5}.Release|Any CPU.ActiveCfg = Release|Any CPU
		{145BEB9B-BEC4-4D53-82BA-CDEE784CB6C5}.Release|Any CPU.Build.0 = Release|Any CPU
		{9F4C8785-E2BE-4025-B21D-D2F93B323113}.Debug|Any CPU.ActiveCfg = Debug|Any CPU
		{9F4C8785-E2BE-4025-B21D-D2F93B323113}.Debug|Any CPU.Build.0 = Debug|Any CPU
		{9F4C8785-E2BE-4025-B21D-D2F93B323113}.Release|Any CPU.ActiveCfg = Release|Any CPU
		{9F4C8785-E2BE-4025-B21D-D2F93B323113}.Release|Any CPU.Build.0 = Release|Any CPU
		{05B1DF8E-0193-42B2-B21A-3F5B586DA5C0}.Debug|Any CPU.ActiveCfg = Debug|Any CPU
		{05B1DF8E-0193-42B2-B21A-3F5B586DA5C0}.Debug|Any CPU.Build.0 = Debug|Any CPU
		{05B1DF8E-0193-42B2-B21A-3F5B586DA5C0}.Release|Any CPU.ActiveCfg = Release|Any CPU
		{05B1DF8E-0193-42B2-B21A-3F5B586DA5C0}.Release|Any CPU.Build.0 = Release|Any CPU
		{AD76AC6A-9765-4056-9AB0-0DF78E570D8A}.Debug|Any CPU.ActiveCfg = Debug|Any CPU
		{AD76AC6A-9765-4056-9AB0-0DF78E570D8A}.Debug|Any CPU.Build.0 = Debug|Any CPU
		{AD76AC6A-9765-4056-9AB0-0DF78E570D8A}.Release|Any CPU.ActiveCfg = Release|Any CPU
		{AD76AC6A-9765-4056-9AB0-0DF78E570D8A}.Release|Any CPU.Build.0 = Release|Any CPU
		{1E11B90D-A939-4D84-B299-7B1B81A68199}.Debug|Any CPU.ActiveCfg = Debug|Any CPU
		{1E11B90D-A939-4D84-B299-7B1B81A68199}.Debug|Any CPU.Build.0 = Debug|Any CPU
		{1E11B90D-A939-4D84-B299-7B1B81A68199}.Release|Any CPU.ActiveCfg = Release|Any CPU
		{1E11B90D-A939-4D84-B299-7B1B81A68199}.Release|Any CPU.Build.0 = Release|Any CPU
	EndGlobalSection
	GlobalSection(SolutionProperties) = preSolution
		HideSolutionNode = FALSE
	EndGlobalSection
	GlobalSection(ExtensibilityGlobals) = postSolution
		SolutionGuid = {1D99B57A-F3BB-4A97-A543-3D3EE6B34552}
	EndGlobalSection
EndGlobal
